
Microsoft Visual Studio Solution File, Format Version 12.00
Project("{FAE04EC0-301F-11D3-BF4B-00C04F79EFBC}") = "Emulator6502", "Emulator6502\Emulator6502.csproj", "{72F6267D-93E3-4654-885C-5597FDD2F711}"
EndProject
Global
	GlobalSection(SolutionConfigurationPlatforms) = preSolution
		Debug|Any CPU = Debug|Any CPU
		Release|Any CPU = Release|Any CPU
	EndGlobalSection
	GlobalSection(ProjectConfigurationPlatforms) = postSolution
		{72F6267D-93E3-4654-885C-5597FDD2F711}.Debug|Any CPU.ActiveCfg = Debug|Any CPU
		{72F6267D-93E3-4654-885C-5597FDD2F711}.Debug|Any CPU.Build.0 = Debug|Any CPU
		{72F6267D-93E3-4654-885C-5597FDD2F711}.Release|Any CPU.ActiveCfg = Release|Any CPU
		{72F6267D-93E3-4654-885C-5597FDD2F711}.Release|Any CPU.Build.0 = Release|Any CPU
	EndGlobalSection
EndGlobal
